
Microsoft Visual Studio Solution File, Format Version 12.00
Project("{FAE04EC0-301F-11D3-BF4B-00C04F79EFBC}") = "OpenTelemetry.Service1", "OpenTelemetry.Service1\OpenTelemetry.Service1.csproj", "{B8AB036C-5F85-4DB1-9C77-A5BB5D6E8EA1}"
EndProject
Project("{FAE04EC0-301F-11D3-BF4B-00C04F79EFBC}") = "OpenTelemetry.Service2", "OpenTelemetry.Service2\OpenTelemetry.Service2.csproj", "{C12075E0-4825-4F2B-B373-0B05AC76A837}"
EndProject
Project("{FAE04EC0-301F-11D3-BF4B-00C04F79EFBC}") = "OpenTelemetry.Service3", "OpenTelemetry.Service3\OpenTelemetry.Service3.csproj", "{76275EAE-0217-4BDB-B3A0-EE448C303977}"
EndProject
Global
	GlobalSection(SolutionConfigurationPlatforms) = preSolution
		Debug|Any CPU = Debug|Any CPU
		Release|Any CPU = Release|Any CPU
	EndGlobalSection
	GlobalSection(ProjectConfigurationPlatforms) = postSolution
		{B8AB036C-5F85-4DB1-9C77-A5BB5D6E8EA1}.Debug|Any CPU.ActiveCfg = Debug|Any CPU
		{B8AB036C-5F85-4DB1-9C77-A5BB5D6E8EA1}.Debug|Any CPU.Build.0 = Debug|Any CPU
		{B8AB036C-5F85-4DB1-9C77-A5BB5D6E8EA1}.Release|Any CPU.ActiveCfg = Release|Any CPU
		{B8AB036C-5F85-4DB1-9C77-A5BB5D6E8EA1}.Release|Any CPU.Build.0 = Release|Any CPU
		{C12075E0-4825-4F2B-B373-0B05AC76A837}.Debug|Any CPU.ActiveCfg = Debug|Any CPU
		{C12075E0-4825-4F2B-B373-0B05AC76A837}.Debug|Any CPU.Build.0 = Debug|Any CPU
		{C12075E0-4825-4F2B-B373-0B05AC76A837}.Release|Any CPU.ActiveCfg = Release|Any CPU
		{C12075E0-4825-4F2B-B373-0B05AC76A837}.Release|Any CPU.Build.0 = Release|Any CPU
		{76275EAE-0217-4BDB-B3A0-EE448C303977}.Debug|Any CPU.ActiveCfg = Debug|Any CPU
		{76275EAE-0217-4BDB-B3A0-EE448C303977}.Debug|Any CPU.Build.0 = Debug|Any CPU
		{76275EAE-0217-4BDB-B3A0-EE448C303977}.Release|Any CPU.ActiveCfg = Release|Any CPU
		{76275EAE-0217-4BDB-B3A0-EE448C303977}.Release|Any CPU.Build.0 = Release|Any CPU
	EndGlobalSection
EndGlobal
